// !$*UTF8*$!
{
	archiveVersion = 1;
	classes = {
	};
	objectVersion = 56;
	objects = {

/* Begin PBXBuildFile section */
		140926122A87250F001629D2 /* AppDelegate.swift in Sources */ = {isa = PBXBuildFile; fileRef = 140926112A87250F001629D2 /* AppDelegate.swift */; };
		140926142A87250F001629D2 /* SceneDelegate.swift in Sources */ = {isa = PBXBuildFile; fileRef = 140926132A87250F001629D2 /* SceneDelegate.swift */; };
		140926162A87250F001629D2 /* TMDBViewController.swift in Sources */ = {isa = PBXBuildFile; fileRef = 140926152A87250F001629D2 /* TMDBViewController.swift */; };
		140926192A87250F001629D2 /* Main.storyboard in Resources */ = {isa = PBXBuildFile; fileRef = 140926172A87250F001629D2 /* Main.storyboard */; };
		1409261B2A872511001629D2 /* Assets.xcassets in Resources */ = {isa = PBXBuildFile; fileRef = 1409261A2A872511001629D2 /* Assets.xcassets */; };
		1409261E2A872511001629D2 /* LaunchScreen.storyboard in Resources */ = {isa = PBXBuildFile; fileRef = 1409261C2A872511001629D2 /* LaunchScreen.storyboard */; };
		140926262A8725C6001629D2 /* APIKey.swift in Sources */ = {isa = PBXBuildFile; fileRef = 140926252A8725C6001629D2 /* APIKey.swift */; };
		140926282A87263C001629D2 /* .gitignore in Resources */ = {isa = PBXBuildFile; fileRef = 140926272A87263C001629D2 /* .gitignore */; };
		1409262B2A873325001629D2 /* Alamofire in Frameworks */ = {isa = PBXBuildFile; productRef = 1409262A2A873325001629D2 /* Alamofire */; };
		1409262E2A873330001629D2 /* SwiftyJSON in Frameworks */ = {isa = PBXBuildFile; productRef = 1409262D2A873330001629D2 /* SwiftyJSON */; };
		140926312A87333A001629D2 /* Kingfisher in Frameworks */ = {isa = PBXBuildFile; productRef = 140926302A87333A001629D2 /* Kingfisher */; };
		140926332A8733A1001629D2 /* MediaType.swift in Sources */ = {isa = PBXBuildFile; fileRef = 140926322A8733A1001629D2 /* MediaType.swift */; };
		140926352A87340D001629D2 /* URL + Extension.swift in Sources */ = {isa = PBXBuildFile; fileRef = 140926342A87340D001629D2 /* URL + Extension.swift */; };
		140926372A873568001629D2 /* TMDBAPIManager.swift in Sources */ = {isa = PBXBuildFile; fileRef = 140926362A873568001629D2 /* TMDBAPIManager.swift */; };
		140926392A873E2C001629D2 /* EndPoint.swift in Sources */ = {isa = PBXBuildFile; fileRef = 140926382A873E2C001629D2 /* EndPoint.swift */; };
		1409263D2A874AA4001629D2 /* ReusableViewProtocol.swift in Sources */ = {isa = PBXBuildFile; fileRef = 1409263C2A874AA4001629D2 /* ReusableViewProtocol.swift */; };
		140926402A887E8D001629D2 /* UIViewController + Extension.swift in Sources */ = {isa = PBXBuildFile; fileRef = 1409263F2A887E8D001629D2 /* UIViewController + Extension.swift */; };
		140926422A887EA6001629D2 /* UITableViewExtension.swift in Sources */ = {isa = PBXBuildFile; fileRef = 140926412A887EA6001629D2 /* UITableViewExtension.swift */; };
		140926452A88A67F001629D2 /* CreditViewController.swift in Sources */ = {isa = PBXBuildFile; fileRef = 140926442A88A67F001629D2 /* CreditViewController.swift */; };
		143095762A8A1E0300D00421 /* TMDBCollectionViewCell.swift in Sources */ = {isa = PBXBuildFile; fileRef = 143095742A8A1E0300D00421 /* TMDBCollectionViewCell.swift */; };
		143095772A8A1E0300D00421 /* TMDBCollectionViewCell.xib in Resources */ = {isa = PBXBuildFile; fileRef = 143095752A8A1E0300D00421 /* TMDBCollectionViewCell.xib */; };
		1430957C2A8A293300D00421 /* UICollectionViewCell + Extension.swift in Sources */ = {isa = PBXBuildFile; fileRef = 1430957B2A8A293300D00421 /* UICollectionViewCell + Extension.swift */; };
		1430957E2A8A295700D00421 /* UICollectionView + Extension.swift in Sources */ = {isa = PBXBuildFile; fileRef = 1430957D2A8A295700D00421 /* UICollectionView + Extension.swift */; };
		143095802A8B941900D00421 /* GenreDict.swift in Sources */ = {isa = PBXBuildFile; fileRef = 1430957F2A8B941900D00421 /* GenreDict.swift */; };
		143095832A8BB6F300D00421 /* CreditTableViewCell.swift in Sources */ = {isa = PBXBuildFile; fileRef = 143095812A8BB6F300D00421 /* CreditTableViewCell.swift */; };
		143095842A8BB6F300D00421 /* CreditTableViewCell.xib in Resources */ = {isa = PBXBuildFile; fileRef = 143095822A8BB6F300D00421 /* CreditTableViewCell.xib */; };
		143095872A8BC33A00D00421 /* OverviewTableViewCell.swift in Sources */ = {isa = PBXBuildFile; fileRef = 143095852A8BC33A00D00421 /* OverviewTableViewCell.swift */; };
		143095882A8BC33A00D00421 /* OverviewTableViewCell.xib in Resources */ = {isa = PBXBuildFile; fileRef = 143095862A8BC33A00D00421 /* OverviewTableViewCell.xib */; };
		1430958B2A8BCAB000D00421 /* OverviewButtonTableViewCell.swift in Sources */ = {isa = PBXBuildFile; fileRef = 143095892A8BCAB000D00421 /* OverviewButtonTableViewCell.swift */; };
		1430958C2A8BCAB000D00421 /* OverviewButtonTableViewCell.xib in Resources */ = {isa = PBXBuildFile; fileRef = 1430958A2A8BCAB000D00421 /* OverviewButtonTableViewCell.xib */; };
		143095A32A8CB36100D00421 /* TMDBTrending.swift in Sources */ = {isa = PBXBuildFile; fileRef = 143095A22A8CB36100D00421 /* TMDBTrending.swift */; };
		143095A52A8CBCCF00D00421 /* TMDBCredit.swift in Sources */ = {isa = PBXBuildFile; fileRef = 143095A42A8CBCCF00D00421 /* TMDBCredit.swift */; };
		143095A72A8CD24000D00421 /* TMDBMovieInfo.swift in Sources */ = {isa = PBXBuildFile; fileRef = 143095A62A8CD24000D00421 /* TMDBMovieInfo.swift */; };
		147F70EF2A988A79008BA84B /* OnboardingViewController.swift in Sources */ = {isa = PBXBuildFile; fileRef = 147F70EE2A988A79008BA84B /* OnboardingViewController.swift */; };
		147F70F22A9894DC008BA84B /* SnapKit in Frameworks */ = {isa = PBXBuildFile; productRef = 147F70F12A9894DC008BA84B /* SnapKit */; };
		147F70F72A989EB7008BA84B /* CheckUIView.swift in Sources */ = {isa = PBXBuildFile; fileRef = 147F70F62A989EB7008BA84B /* CheckUIView.swift */; };
		14881B7C2A933F6B004B5C4C /* VedioCollectionViewCell.swift in Sources */ = {isa = PBXBuildFile; fileRef = 14881B7A2A933F6B004B5C4C /* VedioCollectionViewCell.swift */; };
		14881B7D2A933F6B004B5C4C /* VedioCollectionViewCell.xib in Resources */ = {isa = PBXBuildFile; fileRef = 14881B7B2A933F6B004B5C4C /* VedioCollectionViewCell.xib */; };
		14881B7F2A934039004B5C4C /* TMDBSimilar.swift in Sources */ = {isa = PBXBuildFile; fileRef = 14881B7E2A934039004B5C4C /* TMDBSimilar.swift */; };
		14881B822A9340B7004B5C4C /* SimilarCollectionViewCell.swift in Sources */ = {isa = PBXBuildFile; fileRef = 14881B802A9340B7004B5C4C /* SimilarCollectionViewCell.swift */; };
		14881B832A9340B7004B5C4C /* SimilarCollectionViewCell.xib in Resources */ = {isa = PBXBuildFile; fileRef = 14881B812A9340B7004B5C4C /* SimilarCollectionViewCell.xib */; };
		14881B852A9341AD004B5C4C /* TMDBSegmentViewController.swift in Sources */ = {isa = PBXBuildFile; fileRef = 14881B842A9341AD004B5C4C /* TMDBSegmentViewController.swift */; };
		14881B872A934378004B5C4C /* TMDBVedio.swift in Sources */ = {isa = PBXBuildFile; fileRef = 14881B862A934378004B5C4C /* TMDBVedio.swift */; };
		14881B892A93479F004B5C4C /* TMDBGenre.swift in Sources */ = {isa = PBXBuildFile; fileRef = 14881B882A93479F004B5C4C /* TMDBGenre.swift */; };
/* End PBXBuildFile section */

/* Begin PBXFileReference section */
		1409260E2A87250F001629D2 /* Media Project.app */ = {isa = PBXFileReference; explicitFileType = wrapper.application; includeInIndex = 0; path = "Media Project.app"; sourceTree = BUILT_PRODUCTS_DIR; };
		140926112A87250F001629D2 /* AppDelegate.swift */ = {isa = PBXFileReference; lastKnownFileType = sourcecode.swift; path = AppDelegate.swift; sourceTree = "<group>"; };
		140926132A87250F001629D2 /* SceneDelegate.swift */ = {isa = PBXFileReference; lastKnownFileType = sourcecode.swift; path = SceneDelegate.swift; sourceTree = "<group>"; };
		140926152A87250F001629D2 /* TMDBViewController.swift */ = {isa = PBXFileReference; lastKnownFileType = sourcecode.swift; path = TMDBViewController.swift; sourceTree = "<group>"; };
		140926182A87250F001629D2 /* Base */ = {isa = PBXFileReference; lastKnownFileType = file.storyboard; name = Base; path = Base.lproj/Main.storyboard; sourceTree = "<group>"; };
		1409261A2A872511001629D2 /* Assets.xcassets */ = {isa = PBXFileReference; lastKnownFileType = folder.assetcatalog; path = Assets.xcassets; sourceTree = "<group>"; };
		1409261D2A872511001629D2 /* Base */ = {isa = PBXFileReference; lastKnownFileType = file.storyboard; name = Base; path = Base.lproj/LaunchScreen.storyboard; sourceTree = "<group>"; };
		1409261F2A872511001629D2 /* Info.plist */ = {isa = PBXFileReference; lastKnownFileType = text.plist.xml; path = Info.plist; sourceTree = "<group>"; };
		140926252A8725C6001629D2 /* APIKey.swift */ = {isa = PBXFileReference; lastKnownFileType = sourcecode.swift; path = APIKey.swift; sourceTree = "<group>"; };
		140926272A87263C001629D2 /* .gitignore */ = {isa = PBXFileReference; lastKnownFileType = text; path = .gitignore; sourceTree = "<group>"; };
		140926322A8733A1001629D2 /* MediaType.swift */ = {isa = PBXFileReference; lastKnownFileType = sourcecode.swift; path = MediaType.swift; sourceTree = "<group>"; };
		140926342A87340D001629D2 /* URL + Extension.swift */ = {isa = PBXFileReference; lastKnownFileType = sourcecode.swift; path = "URL + Extension.swift"; sourceTree = "<group>"; };
		140926362A873568001629D2 /* TMDBAPIManager.swift */ = {isa = PBXFileReference; lastKnownFileType = sourcecode.swift; path = TMDBAPIManager.swift; sourceTree = "<group>"; };
		140926382A873E2C001629D2 /* EndPoint.swift */ = {isa = PBXFileReference; lastKnownFileType = sourcecode.swift; path = EndPoint.swift; sourceTree = "<group>"; };
		1409263C2A874AA4001629D2 /* ReusableViewProtocol.swift */ = {isa = PBXFileReference; lastKnownFileType = sourcecode.swift; path = ReusableViewProtocol.swift; sourceTree = "<group>"; };
		1409263F2A887E8D001629D2 /* UIViewController + Extension.swift */ = {isa = PBXFileReference; lastKnownFileType = sourcecode.swift; path = "UIViewController + Extension.swift"; sourceTree = "<group>"; };
		140926412A887EA6001629D2 /* UITableViewExtension.swift */ = {isa = PBXFileReference; lastKnownFileType = sourcecode.swift; path = UITableViewExtension.swift; sourceTree = "<group>"; };
		140926442A88A67F001629D2 /* CreditViewController.swift */ = {isa = PBXFileReference; lastKnownFileType = sourcecode.swift; path = CreditViewController.swift; sourceTree = "<group>"; };
		143095742A8A1E0300D00421 /* TMDBCollectionViewCell.swift */ = {isa = PBXFileReference; lastKnownFileType = sourcecode.swift; path = TMDBCollectionViewCell.swift; sourceTree = "<group>"; };
		143095752A8A1E0300D00421 /* TMDBCollectionViewCell.xib */ = {isa = PBXFileReference; lastKnownFileType = file.xib; path = TMDBCollectionViewCell.xib; sourceTree = "<group>"; };
		1430957B2A8A293300D00421 /* UICollectionViewCell + Extension.swift */ = {isa = PBXFileReference; lastKnownFileType = sourcecode.swift; path = "UICollectionViewCell + Extension.swift"; sourceTree = "<group>"; };
		1430957D2A8A295700D00421 /* UICollectionView + Extension.swift */ = {isa = PBXFileReference; lastKnownFileType = sourcecode.swift; path = "UICollectionView + Extension.swift"; sourceTree = "<group>"; };
		1430957F2A8B941900D00421 /* GenreDict.swift */ = {isa = PBXFileReference; lastKnownFileType = sourcecode.swift; path = GenreDict.swift; sourceTree = "<group>"; };
		143095812A8BB6F300D00421 /* CreditTableViewCell.swift */ = {isa = PBXFileReference; lastKnownFileType = sourcecode.swift; path = CreditTableViewCell.swift; sourceTree = "<group>"; };
		143095822A8BB6F300D00421 /* CreditTableViewCell.xib */ = {isa = PBXFileReference; lastKnownFileType = file.xib; path = CreditTableViewCell.xib; sourceTree = "<group>"; };
		143095852A8BC33A00D00421 /* OverviewTableViewCell.swift */ = {isa = PBXFileReference; lastKnownFileType = sourcecode.swift; path = OverviewTableViewCell.swift; sourceTree = "<group>"; };
		143095862A8BC33A00D00421 /* OverviewTableViewCell.xib */ = {isa = PBXFileReference; lastKnownFileType = file.xib; path = OverviewTableViewCell.xib; sourceTree = "<group>"; };
		143095892A8BCAB000D00421 /* OverviewButtonTableViewCell.swift */ = {isa = PBXFileReference; lastKnownFileType = sourcecode.swift; path = OverviewButtonTableViewCell.swift; sourceTree = "<group>"; };
		1430958A2A8BCAB000D00421 /* OverviewButtonTableViewCell.xib */ = {isa = PBXFileReference; lastKnownFileType = file.xib; path = OverviewButtonTableViewCell.xib; sourceTree = "<group>"; };
		143095A22A8CB36100D00421 /* TMDBTrending.swift */ = {isa = PBXFileReference; lastKnownFileType = sourcecode.swift; path = TMDBTrending.swift; sourceTree = "<group>"; };
		143095A42A8CBCCF00D00421 /* TMDBCredit.swift */ = {isa = PBXFileReference; lastKnownFileType = sourcecode.swift; path = TMDBCredit.swift; sourceTree = "<group>"; };
		143095A62A8CD24000D00421 /* TMDBMovieInfo.swift */ = {isa = PBXFileReference; lastKnownFileType = sourcecode.swift; path = TMDBMovieInfo.swift; sourceTree = "<group>"; };
		147F70EE2A988A79008BA84B /* OnboardingViewController.swift */ = {isa = PBXFileReference; lastKnownFileType = sourcecode.swift; path = OnboardingViewController.swift; sourceTree = "<group>"; };
		147F70F62A989EB7008BA84B /* CheckUIView.swift */ = {isa = PBXFileReference; lastKnownFileType = sourcecode.swift; path = CheckUIView.swift; sourceTree = "<group>"; };
		14881B7A2A933F6B004B5C4C /* VedioCollectionViewCell.swift */ = {isa = PBXFileReference; lastKnownFileType = sourcecode.swift; path = VedioCollectionViewCell.swift; sourceTree = "<group>"; };
		14881B7B2A933F6B004B5C4C /* VedioCollectionViewCell.xib */ = {isa = PBXFileReference; lastKnownFileType = file.xib; path = VedioCollectionViewCell.xib; sourceTree = "<group>"; };
		14881B7E2A934039004B5C4C /* TMDBSimilar.swift */ = {isa = PBXFileReference; lastKnownFileType = sourcecode.swift; path = TMDBSimilar.swift; sourceTree = "<group>"; };
		14881B802A9340B7004B5C4C /* SimilarCollectionViewCell.swift */ = {isa = PBXFileReference; lastKnownFileType = sourcecode.swift; path = SimilarCollectionViewCell.swift; sourceTree = "<group>"; };
		14881B812A9340B7004B5C4C /* SimilarCollectionViewCell.xib */ = {isa = PBXFileReference; lastKnownFileType = file.xib; path = SimilarCollectionViewCell.xib; sourceTree = "<group>"; };
		14881B842A9341AD004B5C4C /* TMDBSegmentViewController.swift */ = {isa = PBXFileReference; lastKnownFileType = sourcecode.swift; path = TMDBSegmentViewController.swift; sourceTree = "<group>"; };
		14881B862A934378004B5C4C /* TMDBVedio.swift */ = {isa = PBXFileReference; lastKnownFileType = sourcecode.swift; path = TMDBVedio.swift; sourceTree = "<group>"; };
		14881B882A93479F004B5C4C /* TMDBGenre.swift */ = {isa = PBXFileReference; lastKnownFileType = sourcecode.swift; path = TMDBGenre.swift; sourceTree = "<group>"; };
/* End PBXFileReference section */

/* Begin PBXFrameworksBuildPhase section */
		1409260B2A87250F001629D2 /* Frameworks */ = {
			isa = PBXFrameworksBuildPhase;
			buildActionMask = 2147483647;
			files = (
				140926312A87333A001629D2 /* Kingfisher in Frameworks */,
				147F70F22A9894DC008BA84B /* SnapKit in Frameworks */,
				1409262E2A873330001629D2 /* SwiftyJSON in Frameworks */,
				1409262B2A873325001629D2 /* Alamofire in Frameworks */,
			);
			runOnlyForDeploymentPostprocessing = 0;
		};
/* End PBXFrameworksBuildPhase section */

/* Begin PBXGroup section */
		140926052A87250F001629D2 = {
			isa = PBXGroup;
			children = (
				140926102A87250F001629D2 /* Media Project */,
				1409260F2A87250F001629D2 /* Products */,
			);
			sourceTree = "<group>";
		};
		1409260F2A87250F001629D2 /* Products */ = {
			isa = PBXGroup;
			children = (
				1409260E2A87250F001629D2 /* Media Project.app */,
			);
			name = Products;
			sourceTree = "<group>";
		};
		140926102A87250F001629D2 /* Media Project */ = {
			isa = PBXGroup;
			children = (
				140926112A87250F001629D2 /* AppDelegate.swift */,
				140926132A87250F001629D2 /* SceneDelegate.swift */,
				140926252A8725C6001629D2 /* APIKey.swift */,
				143095A82A8CD26800D00421 /* Model */,
				140926362A873568001629D2 /* TMDBAPIManager.swift */,
				140926322A8733A1001629D2 /* MediaType.swift */,
				140926382A873E2C001629D2 /* EndPoint.swift */,
				1430957F2A8B941900D00421 /* GenreDict.swift */,
				143095782A8A1E0700D00421 /* Controller */,
				147F70F82A989F63008BA84B /* CustomUIView */,
				1409263E2A887E7C001629D2 /* Extension */,
				140926432A887ED4001629D2 /* Protocol */,
				140926172A87250F001629D2 /* Main.storyboard */,
				1409261A2A872511001629D2 /* Assets.xcassets */,
				1409261C2A872511001629D2 /* LaunchScreen.storyboard */,
				1409261F2A872511001629D2 /* Info.plist */,
				140926272A87263C001629D2 /* .gitignore */,
			);
			path = "Media Project";
			sourceTree = "<group>";
		};
		1409263E2A887E7C001629D2 /* Extension */ = {
			isa = PBXGroup;
			children = (
				140926342A87340D001629D2 /* URL + Extension.swift */,
				1409263F2A887E8D001629D2 /* UIViewController + Extension.swift */,
				140926412A887EA6001629D2 /* UITableViewExtension.swift */,
				1430957D2A8A295700D00421 /* UICollectionView + Extension.swift */,
				1430957B2A8A293300D00421 /* UICollectionViewCell + Extension.swift */,
			);
			path = Extension;
			sourceTree = "<group>";
		};
		140926432A887ED4001629D2 /* Protocol */ = {
			isa = PBXGroup;
			children = (
				1409263C2A874AA4001629D2 /* ReusableViewProtocol.swift */,
			);
			path = Protocol;
			sourceTree = "<group>";
		};
		143095782A8A1E0700D00421 /* Controller */ = {
			isa = PBXGroup;
			children = (
				140926152A87250F001629D2 /* TMDBViewController.swift */,
				140926442A88A67F001629D2 /* CreditViewController.swift */,
				14881B842A9341AD004B5C4C /* TMDBSegmentViewController.swift */,
				147F70EE2A988A79008BA84B /* OnboardingViewController.swift */,
				143095792A8A1E1400D00421 /* TableViewCell */,
				1430957A2A8A1E6700D00421 /* CollectionViewCell */,
			);
			path = Controller;
			sourceTree = "<group>";
		};
		143095792A8A1E1400D00421 /* TableViewCell */ = {
			isa = PBXGroup;
			children = (
				143095812A8BB6F300D00421 /* CreditTableViewCell.swift */,
				143095822A8BB6F300D00421 /* CreditTableViewCell.xib */,
				143095852A8BC33A00D00421 /* OverviewTableViewCell.swift */,
				143095862A8BC33A00D00421 /* OverviewTableViewCell.xib */,
				143095892A8BCAB000D00421 /* OverviewButtonTableViewCell.swift */,
				1430958A2A8BCAB000D00421 /* OverviewButtonTableViewCell.xib */,
			);
			path = TableViewCell;
			sourceTree = "<group>";
		};
		1430957A2A8A1E6700D00421 /* CollectionViewCell */ = {
			isa = PBXGroup;
			children = (
				143095742A8A1E0300D00421 /* TMDBCollectionViewCell.swift */,
				143095752A8A1E0300D00421 /* TMDBCollectionViewCell.xib */,
				14881B7A2A933F6B004B5C4C /* VedioCollectionViewCell.swift */,
				14881B7B2A933F6B004B5C4C /* VedioCollectionViewCell.xib */,
				14881B802A9340B7004B5C4C /* SimilarCollectionViewCell.swift */,
				14881B812A9340B7004B5C4C /* SimilarCollectionViewCell.xib */,
			);
			path = CollectionViewCell;
			sourceTree = "<group>";
		};
		143095A82A8CD26800D00421 /* Model */ = {
			isa = PBXGroup;
			children = (
				143095A22A8CB36100D00421 /* TMDBTrending.swift */,
				143095A42A8CBCCF00D00421 /* TMDBCredit.swift */,
				143095A62A8CD24000D00421 /* TMDBMovieInfo.swift */,
				14881B7E2A934039004B5C4C /* TMDBSimilar.swift */,
				14881B862A934378004B5C4C /* TMDBVedio.swift */,
				14881B882A93479F004B5C4C /* TMDBGenre.swift */,
			);
			path = Model;
			sourceTree = "<group>";
		};
		147F70F82A989F63008BA84B /* CustomUIView */ = {
			isa = PBXGroup;
			children = (
				147F70F62A989EB7008BA84B /* CheckUIView.swift */,
			);
			path = CustomUIView;
			sourceTree = "<group>";
		};
/* End PBXGroup section */

/* Begin PBXNativeTarget section */
		1409260D2A87250F001629D2 /* Media Project */ = {
			isa = PBXNativeTarget;
			buildConfigurationList = 140926222A872511001629D2 /* Build configuration list for PBXNativeTarget "Media Project" */;
			buildPhases = (
				1409260A2A87250F001629D2 /* Sources */,
				1409260B2A87250F001629D2 /* Frameworks */,
				1409260C2A87250F001629D2 /* Resources */,
			);
			buildRules = (
			);
			dependencies = (
			);
			name = "Media Project";
			packageProductDependencies = (
				1409262A2A873325001629D2 /* Alamofire */,
				1409262D2A873330001629D2 /* SwiftyJSON */,
				140926302A87333A001629D2 /* Kingfisher */,
				147F70F12A9894DC008BA84B /* SnapKit */,
			);
			productName = "Media Project";
			productReference = 1409260E2A87250F001629D2 /* Media Project.app */;
			productType = "com.apple.product-type.application";
		};
/* End PBXNativeTarget section */

/* Begin PBXProject section */
		140926062A87250F001629D2 /* Project object */ = {
			isa = PBXProject;
			attributes = {
				BuildIndependentTargetsInParallel = 1;
				LastSwiftUpdateCheck = 1430;
				LastUpgradeCheck = 1430;
				TargetAttributes = {
					1409260D2A87250F001629D2 = {
						CreatedOnToolsVersion = 14.3.1;
					};
				};
			};
			buildConfigurationList = 140926092A87250F001629D2 /* Build configuration list for PBXProject "Media Project" */;
			compatibilityVersion = "Xcode 14.0";
			developmentRegion = en;
			hasScannedForEncodings = 0;
			knownRegions = (
				en,
				Base,
			);
			mainGroup = 140926052A87250F001629D2;
			packageReferences = (
				140926292A873325001629D2 /* XCRemoteSwiftPackageReference "Alamofire" */,
				1409262C2A873330001629D2 /* XCRemoteSwiftPackageReference "SwiftyJSON" */,
				1409262F2A87333A001629D2 /* XCRemoteSwiftPackageReference "Kingfisher" */,
				147F70F02A9894DC008BA84B /* XCRemoteSwiftPackageReference "SnapKit" */,
			);
			productRefGroup = 1409260F2A87250F001629D2 /* Products */;
			projectDirPath = "";
			projectRoot = "";
			targets = (
				1409260D2A87250F001629D2 /* Media Project */,
			);
		};
/* End PBXProject section */

/* Begin PBXResourcesBuildPhase section */
		1409260C2A87250F001629D2 /* Resources */ = {
			isa = PBXResourcesBuildPhase;
			buildActionMask = 2147483647;
			files = (
				14881B832A9340B7004B5C4C /* SimilarCollectionViewCell.xib in Resources */,
				143095772A8A1E0300D00421 /* TMDBCollectionViewCell.xib in Resources */,
				140926282A87263C001629D2 /* .gitignore in Resources */,
				1409261E2A872511001629D2 /* LaunchScreen.storyboard in Resources */,
				1409261B2A872511001629D2 /* Assets.xcassets in Resources */,
				143095882A8BC33A00D00421 /* OverviewTableViewCell.xib in Resources */,
				143095842A8BB6F300D00421 /* CreditTableViewCell.xib in Resources */,
				1430958C2A8BCAB000D00421 /* OverviewButtonTableViewCell.xib in Resources */,
				140926192A87250F001629D2 /* Main.storyboard in Resources */,
				14881B7D2A933F6B004B5C4C /* VedioCollectionViewCell.xib in Resources */,
			);
			runOnlyForDeploymentPostprocessing = 0;
		};
/* End PBXResourcesBuildPhase section */

/* Begin PBXSourcesBuildPhase section */
		1409260A2A87250F001629D2 /* Sources */ = {
			isa = PBXSourcesBuildPhase;
			buildActionMask = 2147483647;
			files = (
				14881B7C2A933F6B004B5C4C /* VedioCollectionViewCell.swift in Sources */,
				140926162A87250F001629D2 /* TMDBViewController.swift in Sources */,
				143095A72A8CD24000D00421 /* TMDBMovieInfo.swift in Sources */,
				140926122A87250F001629D2 /* AppDelegate.swift in Sources */,
				14881B7F2A934039004B5C4C /* TMDBSimilar.swift in Sources */,
				1430957E2A8A295700D00421 /* UICollectionView + Extension.swift in Sources */,
				140926392A873E2C001629D2 /* EndPoint.swift in Sources */,
				140926422A887EA6001629D2 /* UITableViewExtension.swift in Sources */,
				147F70F72A989EB7008BA84B /* CheckUIView.swift in Sources */,
				14881B872A934378004B5C4C /* TMDBVedio.swift in Sources */,
				14881B822A9340B7004B5C4C /* SimilarCollectionViewCell.swift in Sources */,
				140926332A8733A1001629D2 /* MediaType.swift in Sources */,
				140926262A8725C6001629D2 /* APIKey.swift in Sources */,
				143095A32A8CB36100D00421 /* TMDBTrending.swift in Sources */,
				147F70EF2A988A79008BA84B /* OnboardingViewController.swift in Sources */,
				140926142A87250F001629D2 /* SceneDelegate.swift in Sources */,
				143095802A8B941900D00421 /* GenreDict.swift in Sources */,
				140926372A873568001629D2 /* TMDBAPIManager.swift in Sources */,
				143095872A8BC33A00D00421 /* OverviewTableViewCell.swift in Sources */,
				143095A52A8CBCCF00D00421 /* TMDBCredit.swift in Sources */,
				14881B892A93479F004B5C4C /* TMDBGenre.swift in Sources */,
				143095762A8A1E0300D00421 /* TMDBCollectionViewCell.swift in Sources */,
				140926352A87340D001629D2 /* URL + Extension.swift in Sources */,
				143095832A8BB6F300D00421 /* CreditTableViewCell.swift in Sources */,
				140926452A88A67F001629D2 /* CreditViewController.swift in Sources */,
				140926402A887E8D001629D2 /* UIViewController + Extension.swift in Sources */,
				1430957C2A8A293300D00421 /* UICollectionViewCell + Extension.swift in Sources */,
				1430958B2A8BCAB000D00421 /* OverviewButtonTableViewCell.swift in Sources */,
				1409263D2A874AA4001629D2 /* ReusableViewProtocol.swift in Sources */,
				14881B852A9341AD004B5C4C /* TMDBSegmentViewController.swift in Sources */,
			);
			runOnlyForDeploymentPostprocessing = 0;
		};
/* End PBXSourcesBuildPhase section */

/* Begin PBXVariantGroup section */
		140926172A87250F001629D2 /* Main.storyboard */ = {
			isa = PBXVariantGroup;
			children = (
				140926182A87250F001629D2 /* Base */,
			);
			name = Main.storyboard;
			sourceTree = "<group>";
		};
		1409261C2A872511001629D2 /* LaunchScreen.storyboard */ = {
			isa = PBXVariantGroup;
			children = (
				1409261D2A872511001629D2 /* Base */,
			);
			name = LaunchScreen.storyboard;
			sourceTree = "<group>";
		};
/* End PBXVariantGroup section */

/* Begin XCBuildConfiguration section */
		140926202A872511001629D2 /* Debug */ = {
			isa = XCBuildConfiguration;
			buildSettings = {
				ALWAYS_SEARCH_USER_PATHS = NO;
				CLANG_ANALYZER_NONNULL = YES;
				CLANG_ANALYZER_NUMBER_OBJECT_CONVERSION = YES_AGGRESSIVE;
				CLANG_CXX_LANGUAGE_STANDARD = "gnu++20";
				CLANG_ENABLE_MODULES = YES;
				CLANG_ENABLE_OBJC_ARC = YES;
				CLANG_ENABLE_OBJC_WEAK = YES;
				CLANG_WARN_BLOCK_CAPTURE_AUTORELEASING = YES;
				CLANG_WARN_BOOL_CONVERSION = YES;
				CLANG_WARN_COMMA = YES;
				CLANG_WARN_CONSTANT_CONVERSION = YES;
				CLANG_WARN_DEPRECATED_OBJC_IMPLEMENTATIONS = YES;
				CLANG_WARN_DIRECT_OBJC_ISA_USAGE = YES_ERROR;
				CLANG_WARN_DOCUMENTATION_COMMENTS = YES;
				CLANG_WARN_EMPTY_BODY = YES;
				CLANG_WARN_ENUM_CONVERSION = YES;
				CLANG_WARN_INFINITE_RECURSION = YES;
				CLANG_WARN_INT_CONVERSION = YES;
				CLANG_WARN_NON_LITERAL_NULL_CONVERSION = YES;
				CLANG_WARN_OBJC_IMPLICIT_RETAIN_SELF = YES;
				CLANG_WARN_OBJC_LITERAL_CONVERSION = YES;
				CLANG_WARN_OBJC_ROOT_CLASS = YES_ERROR;
				CLANG_WARN_QUOTED_INCLUDE_IN_FRAMEWORK_HEADER = YES;
				CLANG_WARN_RANGE_LOOP_ANALYSIS = YES;
				CLANG_WARN_STRICT_PROTOTYPES = YES;
				CLANG_WARN_SUSPICIOUS_MOVE = YES;
				CLANG_WARN_UNGUARDED_AVAILABILITY = YES_AGGRESSIVE;
				CLANG_WARN_UNREACHABLE_CODE = YES;
				CLANG_WARN__DUPLICATE_METHOD_MATCH = YES;
				COPY_PHASE_STRIP = NO;
				DEBUG_INFORMATION_FORMAT = dwarf;
				ENABLE_STRICT_OBJC_MSGSEND = YES;
				ENABLE_TESTABILITY = YES;
				GCC_C_LANGUAGE_STANDARD = gnu11;
				GCC_DYNAMIC_NO_PIC = NO;
				GCC_NO_COMMON_BLOCKS = YES;
				GCC_OPTIMIZATION_LEVEL = 0;
				GCC_PREPROCESSOR_DEFINITIONS = (
					"DEBUG=1",
					"$(inherited)",
				);
				GCC_WARN_64_TO_32_BIT_CONVERSION = YES;
				GCC_WARN_ABOUT_RETURN_TYPE = YES_ERROR;
				GCC_WARN_UNDECLARED_SELECTOR = YES;
				GCC_WARN_UNINITIALIZED_AUTOS = YES_AGGRESSIVE;
				GCC_WARN_UNUSED_FUNCTION = YES;
				GCC_WARN_UNUSED_VARIABLE = YES;
				IPHONEOS_DEPLOYMENT_TARGET = 16.4;
				MTL_ENABLE_DEBUG_INFO = INCLUDE_SOURCE;
				MTL_FAST_MATH = YES;
				ONLY_ACTIVE_ARCH = YES;
				SDKROOT = iphoneos;
				SWIFT_ACTIVE_COMPILATION_CONDITIONS = DEBUG;
				SWIFT_OPTIMIZATION_LEVEL = "-Onone";
			};
			name = Debug;
		};
		140926212A872511001629D2 /* Release */ = {
			isa = XCBuildConfiguration;
			buildSettings = {
				ALWAYS_SEARCH_USER_PATHS = NO;
				CLANG_ANALYZER_NONNULL = YES;
				CLANG_ANALYZER_NUMBER_OBJECT_CONVERSION = YES_AGGRESSIVE;
				CLANG_CXX_LANGUAGE_STANDARD = "gnu++20";
				CLANG_ENABLE_MODULES = YES;
				CLANG_ENABLE_OBJC_ARC = YES;
				CLANG_ENABLE_OBJC_WEAK = YES;
				CLANG_WARN_BLOCK_CAPTURE_AUTORELEASING = YES;
				CLANG_WARN_BOOL_CONVERSION = YES;
				CLANG_WARN_COMMA = YES;
				CLANG_WARN_CONSTANT_CONVERSION = YES;
				CLANG_WARN_DEPRECATED_OBJC_IMPLEMENTATIONS = YES;
				CLANG_WARN_DIRECT_OBJC_ISA_USAGE = YES_ERROR;
				CLANG_WARN_DOCUMENTATION_COMMENTS = YES;
				CLANG_WARN_EMPTY_BODY = YES;
				CLANG_WARN_ENUM_CONVERSION = YES;
				CLANG_WARN_INFINITE_RECURSION = YES;
				CLANG_WARN_INT_CONVERSION = YES;
				CLANG_WARN_NON_LITERAL_NULL_CONVERSION = YES;
				CLANG_WARN_OBJC_IMPLICIT_RETAIN_SELF = YES;
				CLANG_WARN_OBJC_LITERAL_CONVERSION = YES;
				CLANG_WARN_OBJC_ROOT_CLASS = YES_ERROR;
				CLANG_WARN_QUOTED_INCLUDE_IN_FRAMEWORK_HEADER = YES;
				CLANG_WARN_RANGE_LOOP_ANALYSIS = YES;
				CLANG_WARN_STRICT_PROTOTYPES = YES;
				CLANG_WARN_SUSPICIOUS_MOVE = YES;
				CLANG_WARN_UNGUARDED_AVAILABILITY = YES_AGGRESSIVE;
				CLANG_WARN_UNREACHABLE_CODE = YES;
				CLANG_WARN__DUPLICATE_METHOD_MATCH = YES;
				COPY_PHASE_STRIP = NO;
				DEBUG_INFORMATION_FORMAT = "dwarf-with-dsym";
				ENABLE_NS_ASSERTIONS = NO;
				ENABLE_STRICT_OBJC_MSGSEND = YES;
				GCC_C_LANGUAGE_STANDARD = gnu11;
				GCC_NO_COMMON_BLOCKS = YES;
				GCC_WARN_64_TO_32_BIT_CONVERSION = YES;
				GCC_WARN_ABOUT_RETURN_TYPE = YES_ERROR;
				GCC_WARN_UNDECLARED_SELECTOR = YES;
				GCC_WARN_UNINITIALIZED_AUTOS = YES_AGGRESSIVE;
				GCC_WARN_UNUSED_FUNCTION = YES;
				GCC_WARN_UNUSED_VARIABLE = YES;
				IPHONEOS_DEPLOYMENT_TARGET = 16.4;
				MTL_ENABLE_DEBUG_INFO = NO;
				MTL_FAST_MATH = YES;
				SDKROOT = iphoneos;
				SWIFT_COMPILATION_MODE = wholemodule;
				SWIFT_OPTIMIZATION_LEVEL = "-O";
				VALIDATE_PRODUCT = YES;
			};
			name = Release;
		};
		140926232A872511001629D2 /* Debug */ = {
			isa = XCBuildConfiguration;
			buildSettings = {
				ASSETCATALOG_COMPILER_APPICON_NAME = AppIcon;
				ASSETCATALOG_COMPILER_GLOBAL_ACCENT_COLOR_NAME = AccentColor;
				CODE_SIGN_STYLE = Automatic;
				CURRENT_PROJECT_VERSION = 1;
				DEVELOPMENT_TEAM = DD66GTY4AT;
				GENERATE_INFOPLIST_FILE = YES;
				INFOPLIST_FILE = "Media Project/Info.plist";
				INFOPLIST_KEY_UIApplicationSupportsIndirectInputEvents = YES;
				INFOPLIST_KEY_UILaunchStoryboardName = LaunchScreen;
				INFOPLIST_KEY_UIMainStoryboardFile = Main;
				INFOPLIST_KEY_UISupportedInterfaceOrientations_iPad = "UIInterfaceOrientationPortrait UIInterfaceOrientationPortraitUpsideDown UIInterfaceOrientationLandscapeLeft UIInterfaceOrientationLandscapeRight";
				INFOPLIST_KEY_UISupportedInterfaceOrientations_iPhone = "UIInterfaceOrientationPortrait UIInterfaceOrientationLandscapeLeft UIInterfaceOrientationLandscapeRight";
				LD_RUNPATH_SEARCH_PATHS = (
					"$(inherited)",
					"@executable_path/Frameworks",
				);
				MARKETING_VERSION = 1.0;
				PRODUCT_BUNDLE_IDENTIFIER = "com.raehoon.Media-Project";
				PRODUCT_NAME = "$(TARGET_NAME)";
				SWIFT_EMIT_LOC_STRINGS = YES;
				SWIFT_VERSION = 5.0;
				TARGETED_DEVICE_FAMILY = "1,2";
			};
			name = Debug;
		};
		140926242A872511001629D2 /* Release */ = {
			isa = XCBuildConfiguration;
			buildSettings = {
				ASSETCATALOG_COMPILER_APPICON_NAME = AppIcon;
				ASSETCATALOG_COMPILER_GLOBAL_ACCENT_COLOR_NAME = AccentColor;
				CODE_SIGN_STYLE = Automatic;
				CURRENT_PROJECT_VERSION = 1;
				DEVELOPMENT_TEAM = DD66GTY4AT;
				GENERATE_INFOPLIST_FILE = YES;
				INFOPLIST_FILE = "Media Project/Info.plist";
				INFOPLIST_KEY_UIApplicationSupportsIndirectInputEvents = YES;
				INFOPLIST_KEY_UILaunchStoryboardName = LaunchScreen;
				INFOPLIST_KEY_UIMainStoryboardFile = Main;
				INFOPLIST_KEY_UISupportedInterfaceOrientations_iPad = "UIInterfaceOrientationPortrait UIInterfaceOrientationPortraitUpsideDown UIInterfaceOrientationLandscapeLeft UIInterfaceOrientationLandscapeRight";
				INFOPLIST_KEY_UISupportedInterfaceOrientations_iPhone = "UIInterfaceOrientationPortrait UIInterfaceOrientationLandscapeLeft UIInterfaceOrientationLandscapeRight";
				LD_RUNPATH_SEARCH_PATHS = (
					"$(inherited)",
					"@executable_path/Frameworks",
				);
				MARKETING_VERSION = 1.0;
				PRODUCT_BUNDLE_IDENTIFIER = "com.raehoon.Media-Project";
				PRODUCT_NAME = "$(TARGET_NAME)";
				SWIFT_EMIT_LOC_STRINGS = YES;
				SWIFT_VERSION = 5.0;
				TARGETED_DEVICE_FAMILY = "1,2";
			};
			name = Release;
		};
/* End XCBuildConfiguration section */

/* Begin XCConfigurationList section */
		140926092A87250F001629D2 /* Build configuration list for PBXProject "Media Project" */ = {
			isa = XCConfigurationList;
			buildConfigurations = (
				140926202A872511001629D2 /* Debug */,
				140926212A872511001629D2 /* Release */,
			);
			defaultConfigurationIsVisible = 0;
			defaultConfigurationName = Release;
		};
		140926222A872511001629D2 /* Build configuration list for PBXNativeTarget "Media Project" */ = {
			isa = XCConfigurationList;
			buildConfigurations = (
				140926232A872511001629D2 /* Debug */,
				140926242A872511001629D2 /* Release */,
			);
			defaultConfigurationIsVisible = 0;
			defaultConfigurationName = Release;
		};
/* End XCConfigurationList section */

/* Begin XCRemoteSwiftPackageReference section */
		140926292A873325001629D2 /* XCRemoteSwiftPackageReference "Alamofire" */ = {
			isa = XCRemoteSwiftPackageReference;
			repositoryURL = "https://github.com/Alamofire/Alamofire";
			requirement = {
				kind = upToNextMajorVersion;
				minimumVersion = 5.0.0;
			};
		};
		1409262C2A873330001629D2 /* XCRemoteSwiftPackageReference "SwiftyJSON" */ = {
			isa = XCRemoteSwiftPackageReference;
			repositoryURL = "https://github.com/SwiftyJSON/SwiftyJSON.git";
			requirement = {
				kind = upToNextMajorVersion;
				minimumVersion = 5.0.0;
			};
		};
		1409262F2A87333A001629D2 /* XCRemoteSwiftPackageReference "Kingfisher" */ = {
			isa = XCRemoteSwiftPackageReference;
			repositoryURL = "https://github.com/onevcat/Kingfisher.git";
			requirement = {
				kind = upToNextMajorVersion;
				minimumVersion = 7.0.0;
			};
		};
		147F70F02A9894DC008BA84B /* XCRemoteSwiftPackageReference "SnapKit" */ = {
			isa = XCRemoteSwiftPackageReference;
			repositoryURL = "https://github.com/SnapKit/SnapKit.git";
			requirement = {
				kind = upToNextMajorVersion;
				minimumVersion = 5.0.0;
			};
		};
/* End XCRemoteSwiftPackageReference section */

/* Begin XCSwiftPackageProductDependency section */
		1409262A2A873325001629D2 /* Alamofire */ = {
			isa = XCSwiftPackageProductDependency;
			package = 140926292A873325001629D2 /* XCRemoteSwiftPackageReference "Alamofire" */;
			productName = Alamofire;
		};
		1409262D2A873330001629D2 /* SwiftyJSON */ = {
			isa = XCSwiftPackageProductDependency;
			package = 1409262C2A873330001629D2 /* XCRemoteSwiftPackageReference "SwiftyJSON" */;
			productName = SwiftyJSON;
		};
		140926302A87333A001629D2 /* Kingfisher */ = {
			isa = XCSwiftPackageProductDependency;
			package = 1409262F2A87333A001629D2 /* XCRemoteSwiftPackageReference "Kingfisher" */;
			productName = Kingfisher;
		};
		147F70F12A9894DC008BA84B /* SnapKit */ = {
			isa = XCSwiftPackageProductDependency;
			package = 147F70F02A9894DC008BA84B /* XCRemoteSwiftPackageReference "SnapKit" */;
			productName = SnapKit;
		};
/* End XCSwiftPackageProductDependency section */
	};
	rootObject = 140926062A87250F001629D2 /* Project object */;
}
